# THIS IS AN AUTOGENERATED FILE. DO NOT EDIT THIS FILE DIRECTLY.
# yarn lockfile v1


"@vue/reactivity@~3.5.40":
  version "3.5.41"
  resolved "https://registry.yarnpkg.com/@vue/reactivity/-/reactivity-3.5.41.tgz#83be61b88b198f21c157d3aa6dcb843a25a11872"
  integrity sha512-rznsqKM0np0x18EjzF8x88MpEhdNsffbvFbckLL5+oUKz1BxAImEmO7J1ArRYSyo6aQaVoBDp7jEkT91OOxydA==
  dependencies:
    "@vue/shared" "3.5.41"

"@vue/shared@3.5.41":
  version "3.5.41"
  resolved "https://registry.yarnpkg.com/@vue/shared/-/shared-3.5.41.tgz#ac476497f74495f7525087270849841756555cf2"
  integrity sha512-IOnwSCma8j+9xJT6b8H0dEYidC80NsYmNMlZxRsukYcSoGaDBohog5hDxzeUXdFeGWFA++vWvxqOmrr96VlqMA==

alpinejs@^3.16.2:
  version "3.16.2"
  resolved "https://registry.yarnpkg.com/alpinejs/-/alpinejs-3.16.2.tgz#731764ff2236633834c6ca80c3e126cfd38115de"
  integrity sha512-6kbqqrRK7iGPYx5upTfqc8Tcl1xhpcurLCxTdn4/ym2Kb68+cYj+2I5Zji53vUIPf7zj3C1DoIvrDkgrNDCXdA==
  dependencies:
    "@vue/reactivity" "~3.5.40"
